Microsoft Visual Studio Solution File, Format Version 12.00
# Visual Studio Version 17
VisualStudioVersion = 17.5.2.0
MinimumVisualStudioVersion = 10.0.40219.1
Project("{2150E333-8FDC-42A3-9474-1A3956D46DE8}") = "Module01", "Module01", "{C0502800-E6E6-0726-BC2E-EF9B2CBD90D4}"
EndProject
Project("{FAE04EC0-301F-11D3-BF4B-00C04F79EFBC}") = "lesson01", "Module01\lesson01\lesson01.csproj", "{0DBC88A5-E556-F7A9-CABD-1E80BD32454D}"
EndProject
Global
	GlobalSection(SolutionConfigurationPlatforms) = preSolution
		Debug|Any CPU = Debug|Any CPU
		Release|Any CPU = Release|Any CPU
	EndGlobalSection
	GlobalSection(ProjectConfigurationPlatforms) = postSolution
		{0DBC88A5-E556-F7A9-CABD-1E80BD32454D}.Debug|Any CPU.ActiveCfg = Debug|Any CPU
		{0DBC88A5-E556-F7A9-CABD-1E80BD32454D}.Debug|Any CPU.Build.0 = Debug|Any CPU
		{0DBC88A5-E556-F7A9-CABD-1E80BD32454D}.Release|Any CPU.ActiveCfg = Release|Any CPU
		{0DBC88A5-E556-F7A9-CABD-1E80BD32454D}.Release|Any CPU.Build.0 = Release|Any CPU
	EndGlobalSection
	GlobalSection(SolutionProperties) = preSolution
		HideSolutionNode = FALSE
	EndGlobalSection
	GlobalSection(NestedProjects) = preSolution
		{0DBC88A5-E556-F7A9-CABD-1E80BD32454D} = {C0502800-E6E6-0726-BC2E-EF9B2CBD90D4}
	EndGlobalSection
	GlobalSection(ExtensibilityGlobals) = postSolution
		SolutionGuid = {1EC4E639-5564-4E39-B1C9-BC4155ADA61B}
	EndGlobalSection
EndGlobal
